// !$*UTF8*$!
{
	archiveVersion = 1;
	classes = {
	};
	objectVersion = 46;
	objects = {

/* Begin PBXAggregateTarget section */
		68BFAFA891FB4D609265C861 /* ALL_BUILD */ = {
			isa = PBXAggregateTarget;
			buildConfigurationList = 694DEC6ECA5C489AA8FC8283 /* Build configuration list for PBXAggregateTarget "ALL_BUILD" */;
			buildPhases = (
				F109CC0353268D1AA95536A2 /* Generate CMakeFiles/ALL_BUILD */,
			);
			dependencies = (
				E98A1DD2EB7247E89D225797 /* PBXTargetDependency */,
				638F7A14397C46ED831250AB /* PBXTargetDependency */,
			);
			name = ALL_BUILD;
			productName = ALL_BUILD;
		};
		6CCA82D0D45D45C49A6A514C /* ZERO_CHECK */ = {
			isa = PBXAggregateTarget;
			buildConfigurationList = 47DA99AE433743ABBC7C86C5 /* Build configuration list for PBXAggregateTarget "ZERO_CHECK" */;
			buildPhases = (
				343589563D0DB5722E285830 /* Generate CMakeFiles/ZERO_CHECK */,
			);
			dependencies = (
			);
			name = ZERO_CHECK;
			productName = ZERO_CHECK;
		};
/* End PBXAggregateTarget section */

/* Begin PBXBuildFile section */
		92CC29BBE85F4E5E9FB10E9A /* /Users/0x67/Desktop/ffmpeg-proc/hello.c */ = {isa = PBXBuildFile; fileRef = CBC8C1C0A9DD469191548303 /* /Users/0x67/Desktop/ffmpeg-proc/hello.c */; };
		E134DB2AC3454190B23529C0 /* /Users/0x67/Desktop/ffmpeg-proc/CMakeLists.txt */ = {isa = PBXBuildFile; fileRef = ED120B2CFA504CCF94B87248 /* /Users/0x67/Desktop/ffmpeg-proc/CMakeLists.txt */; };
/* End PBXBuildFile section */

/* Begin PBXBuildStyle section */
		6569EC415D6745A8A217822D /* RelWithDebInfo */ = {
			isa = PBXBuildStyle;
			buildSettings = {
				COPY_PHASE_STRIP = NO;
			};
			name = RelWithDebInfo;
		};
		8C3C89667F6C4AC48C58A3D4 /* Debug */ = {
			isa = PBXBuildStyle;
			buildSettings = {
				COPY_PHASE_STRIP = NO;
			};
			name = Debug;
		};
		9990DAC7F3D24705B03D3AFE /* Release */ = {
			isa = PBXBuildStyle;
			buildSettings = {
				COPY_PHASE_STRIP = NO;
			};
			name = Release;
		};
		CF4CDEA602504408B84948BA /* MinSizeRel */ = {
			isa = PBXBuildStyle;
			buildSettings = {
				COPY_PHASE_STRIP = NO;
			};
			name = MinSizeRel;
		};
/* End PBXBuildStyle section */

/* Begin PBXContainerItemProxy section */
		5190C792CBBF4D06A38FC9DD /* PBXContainerItemProxy */ = {
			isa = PBXContainerItemProxy;
			containerPortal = D979EA9EC6144644AFAF0DE3 /* Project object */;
			proxyType = 1;
			remoteGlobalIDString = 6CCA82D0D45D45C49A6A514C;
			remoteInfo = ZERO_CHECK;
		};
		E0ACC59D5B0641A18A7A5DDD /* PBXContainerItemProxy */ = {
			isa = PBXContainerItemProxy;
			containerPortal = D979EA9EC6144644AFAF0DE3 /* Project object */;
			proxyType = 1;
			remoteGlobalIDString = 72496AC52E834FBB9D5C48F5;
			remoteInfo = ffmpegDemo;
		};
		F86F39031C62419B862F4C22 /* PBXContainerItemProxy */ = {
			isa = PBXContainerItemProxy;
			containerPortal = D979EA9EC6144644AFAF0DE3 /* Project object */;
			proxyType = 1;
			remoteGlobalIDString = 6CCA82D0D45D45C49A6A514C;
			remoteInfo = ZERO_CHECK;
		};
/* End PBXContainerItemProxy section */

/* Begin PBXFileReference section */
		C148ADB1E4EA413180EC98D6 /* /Users/0x67/Desktop/ffmpeg-proc/CMakeLists.txt */ = {isa = PBXFileReference; explicitFileType = sourcecode.text; fileEncoding = 4; name = CMakeLists.txt; path = CMakeLists.txt; sourceTree = SOURCE_ROOT; };
		CBC8C1C0A9DD469191548303 /* /Users/0x67/Desktop/ffmpeg-proc/hello.c */ = {isa = PBXFileReference; explicitFileType = sourcecode.c.c; fileEncoding = 4; name = hello.c; path = hello.c; sourceTree = SOURCE_ROOT; };
		EC0EC11C49E64C9F8B489D48 /* ffmpegDemo */ = {isa = PBXFileReference; explicitFileType = "compiled.mach-o.executable"; path = ffmpegDemo; sourceTree = BUILT_PRODUCTS_DIR; };
		ED120B2CFA504CCF94B87248 /* /Users/0x67/Desktop/ffmpeg-proc/CMakeLists.txt */ = {isa = PBXFileReference; explicitFileType = sourcecode.text; fileEncoding = 4; name = CMakeLists.txt; path = CMakeLists.txt; sourceTree = SOURCE_ROOT; };
/* End PBXFileReference section */

/* Begin PBXFrameworksBuildPhase section */
		A73C244C61084823BAA579C7 /* Frameworks */ = {
			isa = PBXFrameworksBuildPhase;
			buildActionMask = 2147483647;
			files = (
			);
			runOnlyForDeploymentPostprocessing = 0;
		};
/* End PBXFrameworksBuildPhase section */

/* Begin PBXGroup section */
		2ABA23D9927048029466DDBE /* CMake Rules */ = {
			isa = PBXGroup;
			children = (
			);
			name = "CMake Rules";
			sourceTree = "<group>";
		};
		3FE549CDBAF64890BB207979 /* ALL_BUILD */ = {
			isa = PBXGroup;
			children = (
				2ABA23D9927048029466DDBE /* CMake Rules */,
				C148ADB1E4EA413180EC98D6 /* /Users/0x67/Desktop/ffmpeg-proc/CMakeLists.txt */,
			);
			name = ALL_BUILD;
			sourceTree = "<group>";
		};
		449F6A32C7F74EF793E15725 = {
			isa = PBXGroup;
			children = (
				F2CDA740E1BE4A6F81C39A54 /* ffmpegDemo */,
				3FE549CDBAF64890BB207979 /* ALL_BUILD */,
				9A3EED7E23204EC28EF2DCA4 /* Products */,
				C041CB914E7D4F41BFDCDAA3 /* Frameworks */,
			);
			sourceTree = "<group>";
		};
		9A3EED7E23204EC28EF2DCA4 /* Products */ = {
			isa = PBXGroup;
			children = (
				EC0EC11C49E64C9F8B489D48 /* ffmpegDemo */,
			);
			name = Products;
			sourceTree = "<group>";
		};
		C041CB914E7D4F41BFDCDAA3 /* Frameworks */ = {
			isa = PBXGroup;
			children = (
			);
			name = Frameworks;
			sourceTree = "<group>";
		};
		CD7278550C364256A9AA4BE4 /* Source Files */ = {
			isa = PBXGroup;
			children = (
				CBC8C1C0A9DD469191548303 /* /Users/0x67/Desktop/ffmpeg-proc/hello.c */,
			);
			name = "Source Files";
			sourceTree = "<group>";
		};
		F2CDA740E1BE4A6F81C39A54 /* ffmpegDemo */ = {
			isa = PBXGroup;
			children = (
				CD7278550C364256A9AA4BE4 /* Source Files */,
				ED120B2CFA504CCF94B87248 /* /Users/0x67/Desktop/ffmpeg-proc/CMakeLists.txt */,
			);
			name = ffmpegDemo;
			sourceTree = "<group>";
		};
/* End PBXGroup section */

/* Begin PBXNativeTarget section */
		72496AC52E834FBB9D5C48F5 /* ffmpegDemo */ = {
			isa = PBXNativeTarget;
			buildConfigurationList = BDCDE0180F324EAF9845C4D2 /* Build configuration list for PBXNativeTarget "ffmpegDemo" */;
			buildPhases = (
				04B87BA783134475B7595D0F /* Sources */,
				A73C244C61084823BAA579C7 /* Frameworks */,
			);
			buildRules = (
			);
			dependencies = (
				7594A02AD4AC44C9AD5F3890 /* PBXTargetDependency */,
			);
			name = ffmpegDemo;
			productName = ffmpegDemo;
			productReference = EC0EC11C49E64C9F8B489D48 /* ffmpegDemo */;
			productType = "com.apple.product-type.tool";
		};
/* End PBXNativeTarget section */

/* Begin PBXProject section */
		D979EA9EC6144644AFAF0DE3 /* Project object */ = {
			isa = PBXProject;
			attributes = {
				BuildIndependentTargetsInParallel = YES;
				LastUpgradeCheck = 1500;
			};
			buildConfigurationList = EE19858936BA4E29A350F0A7 /* Build configuration list for PBXProject "ffmpegDemo" */;
			buildSettings = {
			};
			buildStyles = (
				8C3C89667F6C4AC48C58A3D4 /* Debug */,
				9990DAC7F3D24705B03D3AFE /* Release */,
				CF4CDEA602504408B84948BA /* MinSizeRel */,
				6569EC415D6745A8A217822D /* RelWithDebInfo */,
			);
			compatibilityVersion = "Xcode 3.2";
			hasScannedForEncodings = 0;
			mainGroup = 449F6A32C7F74EF793E15725;
			projectDirPath = .;
			projectRoot = "";
			targets = (
				68BFAFA891FB4D609265C861 /* ALL_BUILD */,
				6CCA82D0D45D45C49A6A514C /* ZERO_CHECK */,
				72496AC52E834FBB9D5C48F5 /* ffmpegDemo */,
			);
		};
/* End PBXProject section */

/* Begin PBXShellScriptBuildPhase section */
		343589563D0DB5722E285830 /* Generate CMakeFiles/ZERO_CHECK */ = {
			isa = PBXShellScriptBuildPhase;
			alwaysOutOfDate = 1;
			buildActionMask = 2147483647;
			files = (
			);
			inputPaths = (
			);
			name = "Generate CMakeFiles/ZERO_CHECK";
			outputPaths = (
"/Users/0x67/Desktop/ffmpeg-proc/CMakeFiles/ZERO_CHECK"			);
			runOnlyForDeploymentPostprocessing = 0;
			shellPath = /bin/sh;
			shellScript = "set -e
if test \"$CONFIGURATION\" = \"Debug\"; then :
  cd /Users/0x67/Desktop/ffmpeg-proc
  make -f /Users/0x67/Desktop/ffmpeg-proc/CMakeScripts/ReRunCMake.make
fi
if test \"$CONFIGURATION\" = \"Release\"; then :
  cd /Users/0x67/Desktop/ffmpeg-proc
  make -f /Users/0x67/Desktop/ffmpeg-proc/CMakeScripts/ReRunCMake.make
fi
if test \"$CONFIGURATION\" = \"MinSizeRel\"; then :
  cd /Users/0x67/Desktop/ffmpeg-proc
  make -f /Users/0x67/Desktop/ffmpeg-proc/CMakeScripts/ReRunCMake.make
fi
if test \"$CONFIGURATION\" = \"RelWithDebInfo\"; then :
  cd /Users/0x67/Desktop/ffmpeg-proc
  make -f /Users/0x67/Desktop/ffmpeg-proc/CMakeScripts/ReRunCMake.make
fi
";
			showEnvVarsInLog = 0;
		};
		3C0110FC8322DE7E50886E21 = {
			isa = PBXShellScriptBuildPhase;
			buildActionMask = 2147483647;
			files = (
			);
			inputPaths = (
			);
			outputPaths = (
			);
			runOnlyForDeploymentPostprocessing = 0;
			shellPath = /bin/sh;
			shellScript = "# shell script goes here
exit 0";
			showEnvVarsInLog = 0;
		};
		9B50530E35CC49C82C2FACCF = {
			isa = PBXShellScriptBuildPhase;
			buildActionMask = 2147483647;
			files = (
			);
			inputPaths = (
			);
			outputPaths = (
			);
			runOnlyForDeploymentPostprocessing = 0;
			shellPath = /bin/sh;
			shellScript = "# shell script goes here
exit 0";
			showEnvVarsInLog = 0;
		};
		F109CC0353268D1AA95536A2 /* Generate CMakeFiles/ALL_BUILD */ = {
			isa = PBXShellScriptBuildPhase;
			alwaysOutOfDate = 1;
			buildActionMask = 2147483647;
			files = (
			);
			inputPaths = (
			);
			name = "Generate CMakeFiles/ALL_BUILD";
			outputPaths = (
"/Users/0x67/Desktop/ffmpeg-proc/CMakeFiles/ALL_BUILD"			);
			runOnlyForDeploymentPostprocessing = 0;
			shellPath = /bin/sh;
			shellScript = "set -e
if test \"$CONFIGURATION\" = \"Debug\"; then :
  cd /Users/0x67/Desktop/ffmpeg-proc
  echo Build\\ all\\ projects
fi
if test \"$CONFIGURATION\" = \"Release\"; then :
  cd /Users/0x67/Desktop/ffmpeg-proc
  echo Build\\ all\\ projects
fi
if test \"$CONFIGURATION\" = \"MinSizeRel\"; then :
  cd /Users/0x67/Desktop/ffmpeg-proc
  echo Build\\ all\\ projects
fi
if test \"$CONFIGURATION\" = \"RelWithDebInfo\"; then :
  cd /Users/0x67/Desktop/ffmpeg-proc
  echo Build\\ all\\ projects
fi
";
			showEnvVarsInLog = 0;
		};
/* End PBXShellScriptBuildPhase section */

/* Begin PBXSourcesBuildPhase section */
		04B87BA783134475B7595D0F /* Sources */ = {
			isa = PBXSourcesBuildPhase;
			buildActionMask = 2147483647;
			files = (
				92CC29BBE85F4E5E9FB10E9A /* /Users/0x67/Desktop/ffmpeg-proc/hello.c */,
			);
			runOnlyForDeploymentPostprocessing = 0;
		};
/* End PBXSourcesBuildPhase section */

/* Begin PBXTargetDependency section */
		638F7A14397C46ED831250AB /* PBXTargetDependency */ = {
			isa = PBXTargetDependency;
			target = 6CCA82D0D45D45C49A6A514C /* ZERO_CHECK */;
			targetProxy = F86F39031C62419B862F4C22 /* PBXContainerItemProxy */;
		};
		7594A02AD4AC44C9AD5F3890 /* PBXTargetDependency */ = {
			isa = PBXTargetDependency;
			target = 6CCA82D0D45D45C49A6A514C /* ZERO_CHECK */;
			targetProxy = 5190C792CBBF4D06A38FC9DD /* PBXContainerItemProxy */;
		};
		E98A1DD2EB7247E89D225797 /* PBXTargetDependency */ = {
			isa = PBXTargetDependency;
			target = 72496AC52E834FBB9D5C48F5 /* ffmpegDemo */;
			targetProxy = E0ACC59D5B0641A18A7A5DDD /* PBXContainerItemProxy */;
		};
/* End PBXTargetDependency section */

/* Begin XCBuildConfiguration section */
		0E06FF8B20414C27BED9E4FD /* MinSizeRel */ = {
			isa = XCBuildConfiguration;
			buildSettings = {
				ARCHS = arm64;
				SDKROOT = /Applications/Xcode.app/Contents/Developer/Platforms/MacOSX.platform/Developer/SDKs/MacOSX14.0.sdk;
				SWIFT_COMPILATION_MODE = wholemodule;
				SYMROOT = "/Users/0x67/Desktop/ffmpeg-proc/build";
			};
			name = MinSizeRel;
		};
		1B009E290826425E9DB35BEC /* RelWithDebInfo */ = {
			isa = XCBuildConfiguration;
			buildSettings = {
				ALWAYS_SEARCH_USER_PATHS = NO;
				ARCHS = arm64;
				COMBINE_HIDPI_IMAGES = YES;
				GCC_GENERATE_DEBUGGING_SYMBOLS = YES;
				GCC_INLINES_ARE_PRIVATE_EXTERN = NO;
				GCC_OPTIMIZATION_LEVEL = 0;
				GCC_PREPROCESSOR_DEFINITIONS = ("'CMAKE_INTDIR=\"$(CONFIGURATION)$(EFFECTIVE_PLATFORM_NAME)\"'","$(inherited)");
				GCC_SYMBOLS_PRIVATE_EXTERN = NO;
				INSTALL_PATH = "";
				ONLY_ACTIVE_ARCH = NO;
				OTHER_LDFLAGS = ("","$(inherited)");
				OTHER_REZFLAGS = "";
				PRODUCT_NAME = ZERO_CHECK;
				SECTORDER_FLAGS = "";
				USE_HEADERMAP = NO;
				WARNING_CFLAGS = ("$(inherited)");
			};
			name = RelWithDebInfo;
		};
		316621F71D0C4449AC002722 /* Debug */ = {
			isa = XCBuildConfiguration;
			buildSettings = {
				ALWAYS_SEARCH_USER_PATHS = NO;
				ARCHS = arm64;
				COMBINE_HIDPI_IMAGES = YES;
				GCC_GENERATE_DEBUGGING_SYMBOLS = YES;
				GCC_INLINES_ARE_PRIVATE_EXTERN = NO;
				GCC_OPTIMIZATION_LEVEL = 0;
				GCC_PREPROCESSOR_DEFINITIONS = ("'CMAKE_INTDIR=\"$(CONFIGURATION)$(EFFECTIVE_PLATFORM_NAME)\"'","$(inherited)");
				GCC_SYMBOLS_PRIVATE_EXTERN = NO;
				INSTALL_PATH = "";
				ONLY_ACTIVE_ARCH = NO;
				OTHER_LDFLAGS = ("","$(inherited)");
				OTHER_REZFLAGS = "";
				PRODUCT_NAME = ZERO_CHECK;
				SECTORDER_FLAGS = "";
				USE_HEADERMAP = NO;
				WARNING_CFLAGS = ("$(inherited)");
			};
			name = Debug;
		};
		4DF8EBBA9CF64A77BE70C6A0 /* Debug */ = {
			isa = XCBuildConfiguration;
			buildSettings = {
				ARCHS = arm64;
				SDKROOT = /Applications/Xcode.app/Contents/Developer/Platforms/MacOSX.platform/Developer/SDKs/MacOSX14.0.sdk;
				SYMROOT = "/Users/0x67/Desktop/ffmpeg-proc/build";
			};
			name = Debug;
		};
		5D423E8AA97444B088443A83 /* MinSizeRel */ = {
			isa = XCBuildConfiguration;
			buildSettings = {
				ALWAYS_SEARCH_USER_PATHS = NO;
				ARCHS = arm64;
				COMBINE_HIDPI_IMAGES = YES;
				GCC_GENERATE_DEBUGGING_SYMBOLS = YES;
				GCC_INLINES_ARE_PRIVATE_EXTERN = NO;
				GCC_OPTIMIZATION_LEVEL = 0;
				GCC_PREPROCESSOR_DEFINITIONS = ("'CMAKE_INTDIR=\"$(CONFIGURATION)$(EFFECTIVE_PLATFORM_NAME)\"'","$(inherited)");
				GCC_SYMBOLS_PRIVATE_EXTERN = NO;
				INSTALL_PATH = "";
				ONLY_ACTIVE_ARCH = NO;
				OTHER_LDFLAGS = ("","$(inherited)");
				OTHER_REZFLAGS = "";
				PRODUCT_NAME = ALL_BUILD;
				SECTORDER_FLAGS = "";
				USE_HEADERMAP = NO;
				WARNING_CFLAGS = ("$(inherited)");
			};
			name = MinSizeRel;
		};
		5E22EADB53D04985A075D27B /* Debug */ = {
			isa = XCBuildConfiguration;
			buildSettings = {
				ALWAYS_SEARCH_USER_PATHS = NO;
				ARCHS = arm64;
				COMBINE_HIDPI_IMAGES = YES;
				CONFIGURATION_BUILD_DIR = "/Users/0x67/Desktop/ffmpeg-proc/Debug";
				EXECUTABLE_PREFIX = "";
				EXECUTABLE_SUFFIX = "";
				GCC_GENERATE_DEBUGGING_SYMBOLS = YES;
				GCC_INLINES_ARE_PRIVATE_EXTERN = NO;
				GCC_OPTIMIZATION_LEVEL = 0;
				GCC_PREPROCESSOR_DEFINITIONS = ("'CMAKE_INTDIR=\"$(CONFIGURATION)$(EFFECTIVE_PLATFORM_NAME)\"'","$(inherited)");
				GCC_SYMBOLS_PRIVATE_EXTERN = NO;
				HEADER_SEARCH_PATHS = (/opt/homebrew/include,"$(inherited)");
				INSTALL_PATH = "";
				ONLY_ACTIVE_ARCH = NO;
				OTHER_CFLAGS = ("   ","$(inherited)");
				OTHER_LDFLAGS = (" -Wl,-search_paths_first -Wl,-headerpad_max_install_names",/opt/homebrew/lib/libavcodec.dylib,/opt/homebrew/lib/libavformat.dylib,/opt/homebrew/lib/libavutil.dylib,"$(inherited)");
				OTHER_REZFLAGS = "";
				PRODUCT_NAME = ffmpegDemo;
				SECTORDER_FLAGS = "";
				TARGET_TEMP_DIR = "/Users/0x67/Desktop/ffmpeg-proc/build/ffmpegDemo.build/$(CONFIGURATION)$(EFFECTIVE_PLATFORM_NAME)";
				USE_HEADERMAP = NO;
				WARNING_CFLAGS = ("$(inherited)");
			};
			name = Debug;
		};
		773CCAB5AC5344CC984DEC5B /* MinSizeRel */ = {
			isa = XCBuildConfiguration;
			buildSettings = {
				ALWAYS_SEARCH_USER_PATHS = NO;
				ARCHS = arm64;
				COMBINE_HIDPI_IMAGES = YES;
				CONFIGURATION_BUILD_DIR = "/Users/0x67/Desktop/ffmpeg-proc/MinSizeRel";
				EXECUTABLE_PREFIX = "";
				EXECUTABLE_SUFFIX = "";
				GCC_GENERATE_DEBUGGING_SYMBOLS = NO;
				GCC_INLINES_ARE_PRIVATE_EXTERN = NO;
				GCC_OPTIMIZATION_LEVEL = s;
				GCC_PREPROCESSOR_DEFINITIONS = ("'CMAKE_INTDIR=\"$(CONFIGURATION)$(EFFECTIVE_PLATFORM_NAME)\"'","$(inherited)");
				GCC_SYMBOLS_PRIVATE_EXTERN = NO;
				HEADER_SEARCH_PATHS = (/opt/homebrew/include,"$(inherited)");
				INSTALL_PATH = "";
				ONLY_ACTIVE_ARCH = NO;
				OTHER_CFLAGS = ("    -DNDEBUG ","$(inherited)");
				OTHER_LDFLAGS = (" -Wl,-search_paths_first -Wl,-headerpad_max_install_names",/opt/homebrew/lib/libavcodec.dylib,/opt/homebrew/lib/libavformat.dylib,/opt/homebrew/lib/libavutil.dylib,"$(inherited)");
				OTHER_REZFLAGS = "";
				PRODUCT_NAME = ffmpegDemo;
				SECTORDER_FLAGS = "";
				TARGET_TEMP_DIR = "/Users/0x67/Desktop/ffmpeg-proc/build/ffmpegDemo.build/$(CONFIGURATION)$(EFFECTIVE_PLATFORM_NAME)";
				USE_HEADERMAP = NO;
				WARNING_CFLAGS = ("$(inherited)");
			};
			name = MinSizeRel;
		};
		835377C4BB724BB4A67300B1 /* RelWithDebInfo */ = {
			isa = XCBuildConfiguration;
			buildSettings = {
				ALWAYS_SEARCH_USER_PATHS = NO;
				ARCHS = arm64;
				COMBINE_HIDPI_IMAGES = YES;
				CONFIGURATION_BUILD_DIR = "/Users/0x67/Desktop/ffmpeg-proc/RelWithDebInfo";
				EXECUTABLE_PREFIX = "";
				EXECUTABLE_SUFFIX = "";
				GCC_GENERATE_DEBUGGING_SYMBOLS = YES;
				GCC_INLINES_ARE_PRIVATE_EXTERN = NO;
				GCC_OPTIMIZATION_LEVEL = 2;
				GCC_PREPROCESSOR_DEFINITIONS = ("'CMAKE_INTDIR=\"$(CONFIGURATION)$(EFFECTIVE_PLATFORM_NAME)\"'","$(inherited)");
				GCC_SYMBOLS_PRIVATE_EXTERN = NO;
				HEADER_SEARCH_PATHS = (/opt/homebrew/include,"$(inherited)");
				INSTALL_PATH = "";
				ONLY_ACTIVE_ARCH = NO;
				OTHER_CFLAGS = ("       -DNDEBUG ","$(inherited)");
				OTHER_LDFLAGS = (" -Wl,-search_paths_first -Wl,-headerpad_max_install_names",/opt/homebrew/lib/libavcodec.dylib,/opt/homebrew/lib/libavformat.dylib,/opt/homebrew/lib/libavutil.dylib,"$(inherited)");
				OTHER_REZFLAGS = "";
				PRODUCT_NAME = ffmpegDemo;
				SECTORDER_FLAGS = "";
				TARGET_TEMP_DIR = "/Users/0x67/Desktop/ffmpeg-proc/build/ffmpegDemo.build/$(CONFIGURATION)$(EFFECTIVE_PLATFORM_NAME)";
				USE_HEADERMAP = NO;
				WARNING_CFLAGS = ("$(inherited)");
			};
			name = RelWithDebInfo;
		};
		90DF5FA1B614498A83BDA377 /* Release */ = {
			isa = XCBuildConfiguration;
			buildSettings = {
				ARCHS = arm64;
				SDKROOT = /Applications/Xcode.app/Contents/Developer/Platforms/MacOSX.platform/Developer/SDKs/MacOSX14.0.sdk;
				SWIFT_COMPILATION_MODE = wholemodule;
				SYMROOT = "/Users/0x67/Desktop/ffmpeg-proc/build";
			};
			name = Release;
		};
		91EEBEB1D7224D32A0269CAB /* RelWithDebInfo */ = {
			isa = XCBuildConfiguration;
			buildSettings = {
				ALWAYS_SEARCH_USER_PATHS = NO;
				ARCHS = arm64;
				COMBINE_HIDPI_IMAGES = YES;
				GCC_GENERATE_DEBUGGING_SYMBOLS = YES;
				GCC_INLINES_ARE_PRIVATE_EXTERN = NO;
				GCC_OPTIMIZATION_LEVEL = 0;
				GCC_PREPROCESSOR_DEFINITIONS = ("'CMAKE_INTDIR=\"$(CONFIGURATION)$(EFFECTIVE_PLATFORM_NAME)\"'","$(inherited)");
				GCC_SYMBOLS_PRIVATE_EXTERN = NO;
				INSTALL_PATH = "";
				ONLY_ACTIVE_ARCH = NO;
				OTHER_LDFLAGS = ("","$(inherited)");
				OTHER_REZFLAGS = "";
				PRODUCT_NAME = ALL_BUILD;
				SECTORDER_FLAGS = "";
				USE_HEADERMAP = NO;
				WARNING_CFLAGS = ("$(inherited)");
			};
			name = RelWithDebInfo;
		};
		AC1C1316CD4146B7A693AB60 /* Release */ = {
			isa = XCBuildConfiguration;
			buildSettings = {
				ALWAYS_SEARCH_USER_PATHS = NO;
				ARCHS = arm64;
				COMBINE_HIDPI_IMAGES = YES;
				GCC_GENERATE_DEBUGGING_SYMBOLS = YES;
				GCC_INLINES_ARE_PRIVATE_EXTERN = NO;
				GCC_OPTIMIZATION_LEVEL = 0;
				GCC_PREPROCESSOR_DEFINITIONS = ("'CMAKE_INTDIR=\"$(CONFIGURATION)$(EFFECTIVE_PLATFORM_NAME)\"'","$(inherited)");
				GCC_SYMBOLS_PRIVATE_EXTERN = NO;
				INSTALL_PATH = "";
				ONLY_ACTIVE_ARCH = NO;
				OTHER_LDFLAGS = ("","$(inherited)");
				OTHER_REZFLAGS = "";
				PRODUCT_NAME = ZERO_CHECK;
				SECTORDER_FLAGS = "";
				USE_HEADERMAP = NO;
				WARNING_CFLAGS = ("$(inherited)");
			};
			name = Release;
		};
		BEAAAA2151DA438FACD0E349 /* Debug */ = {
			isa = XCBuildConfiguration;
			buildSettings = {
				ALWAYS_SEARCH_USER_PATHS = NO;
				ARCHS = arm64;
				COMBINE_HIDPI_IMAGES = YES;
				GCC_GENERATE_DEBUGGING_SYMBOLS = YES;
				GCC_INLINES_ARE_PRIVATE_EXTERN = NO;
				GCC_OPTIMIZATION_LEVEL = 0;
				GCC_PREPROCESSOR_DEFINITIONS = ("'CMAKE_INTDIR=\"$(CONFIGURATION)$(EFFECTIVE_PLATFORM_NAME)\"'","$(inherited)");
				GCC_SYMBOLS_PRIVATE_EXTERN = NO;
				INSTALL_PATH = "";
				ONLY_ACTIVE_ARCH = NO;
				OTHER_LDFLAGS = ("","$(inherited)");
				OTHER_REZFLAGS = "";
				PRODUCT_NAME = ALL_BUILD;
				SECTORDER_FLAGS = "";
				USE_HEADERMAP = NO;
				WARNING_CFLAGS = ("$(inherited)");
			};
			name = Debug;
		};
		DCA7FC030253441DAE5A824A /* Release */ = {
			isa = XCBuildConfiguration;
			buildSettings = {
				ALWAYS_SEARCH_USER_PATHS = NO;
				ARCHS = arm64;
				COMBINE_HIDPI_IMAGES = YES;
				CONFIGURATION_BUILD_DIR = "/Users/0x67/Desktop/ffmpeg-proc/Release";
				EXECUTABLE_PREFIX = "";
				EXECUTABLE_SUFFIX = "";
				GCC_GENERATE_DEBUGGING_SYMBOLS = NO;
				GCC_INLINES_ARE_PRIVATE_EXTERN = NO;
				GCC_OPTIMIZATION_LEVEL = 3;
				GCC_PREPROCESSOR_DEFINITIONS = ("'CMAKE_INTDIR=\"$(CONFIGURATION)$(EFFECTIVE_PLATFORM_NAME)\"'","$(inherited)");
				GCC_SYMBOLS_PRIVATE_EXTERN = NO;
				HEADER_SEARCH_PATHS = (/opt/homebrew/include,"$(inherited)");
				INSTALL_PATH = "";
				ONLY_ACTIVE_ARCH = NO;
				OTHER_CFLAGS = ("    -DNDEBUG ","$(inherited)");
				OTHER_LDFLAGS = (" -Wl,-search_paths_first -Wl,-headerpad_max_install_names",/opt/homebrew/lib/libavcodec.dylib,/opt/homebrew/lib/libavformat.dylib,/opt/homebrew/lib/libavutil.dylib,"$(inherited)");
				OTHER_REZFLAGS = "";
				PRODUCT_NAME = ffmpegDemo;
				SECTORDER_FLAGS = "";
				TARGET_TEMP_DIR = "/Users/0x67/Desktop/ffmpeg-proc/build/ffmpegDemo.build/$(CONFIGURATION)$(EFFECTIVE_PLATFORM_NAME)";
				USE_HEADERMAP = NO;
				WARNING_CFLAGS = ("$(inherited)");
			};
			name = Release;
		};
		E66D4C1D780940DD934479DC /* MinSizeRel */ = {
			isa = XCBuildConfiguration;
			buildSettings = {
				ALWAYS_SEARCH_USER_PATHS = NO;
				ARCHS = arm64;
				COMBINE_HIDPI_IMAGES = YES;
				GCC_GENERATE_DEBUGGING_SYMBOLS = YES;
				GCC_INLINES_ARE_PRIVATE_EXTERN = NO;
				GCC_OPTIMIZATION_LEVEL = 0;
				GCC_PREPROCESSOR_DEFINITIONS = ("'CMAKE_INTDIR=\"$(CONFIGURATION)$(EFFECTIVE_PLATFORM_NAME)\"'","$(inherited)");
				GCC_SYMBOLS_PRIVATE_EXTERN = NO;
				INSTALL_PATH = "";
				ONLY_ACTIVE_ARCH = NO;
				OTHER_LDFLAGS = ("","$(inherited)");
				OTHER_REZFLAGS = "";
				PRODUCT_NAME = ZERO_CHECK;
				SECTORDER_FLAGS = "";
				USE_HEADERMAP = NO;
				WARNING_CFLAGS = ("$(inherited)");
			};
			name = MinSizeRel;
		};
		E67A5E31D49A4123ABF45C1D /* Release */ = {
			isa = XCBuildConfiguration;
			buildSettings = {
				ALWAYS_SEARCH_USER_PATHS = NO;
				ARCHS = arm64;
				COMBINE_HIDPI_IMAGES = YES;
				GCC_GENERATE_DEBUGGING_SYMBOLS = YES;
				GCC_INLINES_ARE_PRIVATE_EXTERN = NO;
				GCC_OPTIMIZATION_LEVEL = 0;
				GCC_PREPROCESSOR_DEFINITIONS = ("'CMAKE_INTDIR=\"$(CONFIGURATION)$(EFFECTIVE_PLATFORM_NAME)\"'","$(inherited)");
				GCC_SYMBOLS_PRIVATE_EXTERN = NO;
				INSTALL_PATH = "";
				ONLY_ACTIVE_ARCH = NO;
				OTHER_LDFLAGS = ("","$(inherited)");
				OTHER_REZFLAGS = "";
				PRODUCT_NAME = ALL_BUILD;
				SECTORDER_FLAGS = "";
				USE_HEADERMAP = NO;
				WARNING_CFLAGS = ("$(inherited)");
			};
			name = Release;
		};
		F99C45C7CCB94DC0A0B5A709 /* RelWithDebInfo */ = {
			isa = XCBuildConfiguration;
			buildSettings = {
				ARCHS = arm64;
				SDKROOT = /Applications/Xcode.app/Contents/Developer/Platforms/MacOSX.platform/Developer/SDKs/MacOSX14.0.sdk;
				SWIFT_COMPILATION_MODE = wholemodule;
				SYMROOT = "/Users/0x67/Desktop/ffmpeg-proc/build";
			};
			name = RelWithDebInfo;
		};
/* End XCBuildConfiguration section */

/* Begin XCConfigurationList section */
		47DA99AE433743ABBC7C86C5 /* Build configuration list for PBXAggregateTarget "ZERO_CHECK" */ = {
			isa = XCConfigurationList;
			buildConfigurations = (
				316621F71D0C4449AC002722 /* Debug */,
				AC1C1316CD4146B7A693AB60 /* Release */,
				E66D4C1D780940DD934479DC /* MinSizeRel */,
				1B009E290826425E9DB35BEC /* RelWithDebInfo */,
			);
			defaultConfigurationIsVisible = 0;
			defaultConfigurationName = Debug;
		};
		694DEC6ECA5C489AA8FC8283 /* Build configuration list for PBXAggregateTarget "ALL_BUILD" */ = {
			isa = XCConfigurationList;
			buildConfigurations = (
				BEAAAA2151DA438FACD0E349 /* Debug */,
				E67A5E31D49A4123ABF45C1D /* Release */,
				5D423E8AA97444B088443A83 /* MinSizeRel */,
				91EEBEB1D7224D32A0269CAB /* RelWithDebInfo */,
			);
			defaultConfigurationIsVisible = 0;
			defaultConfigurationName = Debug;
		};
		BDCDE0180F324EAF9845C4D2 /* Build configuration list for PBXNativeTarget "ffmpegDemo" */ = {
			isa = XCConfigurationList;
			buildConfigurations = (
				5E22EADB53D04985A075D27B /* Debug */,
				DCA7FC030253441DAE5A824A /* Release */,
				773CCAB5AC5344CC984DEC5B /* MinSizeRel */,
				835377C4BB724BB4A67300B1 /* RelWithDebInfo */,
			);
			defaultConfigurationIsVisible = 0;
			defaultConfigurationName = Debug;
		};
		EE19858936BA4E29A350F0A7 /* Build configuration list for PBXProject "ffmpegDemo" */ = {
			isa = XCConfigurationList;
			buildConfigurations = (
				4DF8EBBA9CF64A77BE70C6A0 /* Debug */,
				90DF5FA1B614498A83BDA377 /* Release */,
				0E06FF8B20414C27BED9E4FD /* MinSizeRel */,
				F99C45C7CCB94DC0A0B5A709 /* RelWithDebInfo */,
			);
			defaultConfigurationIsVisible = 0;
			defaultConfigurationName = Debug;
		};
/* End XCConfigurationList section */
	};
	rootObject = D979EA9EC6144644AFAF0DE3 /* Project object */;
}
